
Microsoft Visual Studio Solution File, Format Version 12.00
Project("{FAE04EC0-301F-11D3-BF4B-00C04F79EFBC}") = "L-Gamal", "L-Gamal\L-Gamal.csproj", "{8AE3FAD6-4418-406C-B226-D8EC42D3DE93}"
EndProject
Global
	GlobalSection(SolutionConfigurationPlatforms) = preSolution
		Debug|Any CPU = Debug|Any CPU
		Release|Any CPU = Release|Any CPU
	EndGlobalSection
	GlobalSection(ProjectConfigurationPlatforms) = postSolution
		{8AE3FAD6-4418-406C-B226-D8EC42D3DE93}.Debug|Any CPU.ActiveCfg = Debug|Any CPU
		{8AE3FAD6-4418-406C-B226-D8EC42D3DE93}.Debug|Any CPU.Build.0 = Debug|Any CPU
		{8AE3FAD6-4418-406C-B226-D8EC42D3DE93}.Release|Any CPU.ActiveCfg = Release|Any CPU
		{8AE3FAD6-4418-406C-B226-D8EC42D3DE93}.Release|Any CPU.Build.0 = Release|Any CPU
	EndGlobalSection
EndGlobal
